
Microsoft Visual Studio Solution File, Format Version 12.00
# Visual Studio Version 16
VisualStudioVersion = 16.0.30503.244
MinimumVisualStudioVersion = 10.0.40219.1
Project("{FAE04EC0-301F-11D3-BF4B-00C04F79EFBC}") = "Batterty2", "Batterty2\Batterty2.csproj", "{83DECC3A-23DE-4903-BB2D-DB359D18ECEB}"
EndProject
Global
	GlobalSection(SolutionConfigurationPlatforms) = preSolution
		Debug|Any CPU = Debug|Any CPU
		Release|Any CPU = Release|Any CPU
	EndGlobalSection
	GlobalSection(ProjectConfigurationPlatforms) = postSolution
		{83DECC3A-23DE-4903-BB2D-DB359D18ECEB}.Debug|Any CPU.ActiveCfg = Release|Any CPU
		{83DECC3A-23DE-4903-BB2D-DB359D18ECEB}.Debug|Any CPU.Build.0 = Release|Any CPU
		{83DECC3A-23DE-4903-BB2D-DB359D18ECEB}.Release|Any CPU.ActiveCfg = Release|Any CPU
		{83DECC3A-23DE-4903-BB2D-DB359D18ECEB}.Release|Any CPU.Build.0 = Release|Any CPU
	EndGlobalSection
	GlobalSection(SolutionProperties) = preSolution
		HideSolutionNode = FALSE
	EndGlobalSection
	GlobalSection(ExtensibilityGlobals) = postSolution
		SolutionGuid = {CFC37728-D29F-44CE-8B47-9B30EFCD6AC4}
	EndGlobalSection
EndGlobal
